// !$*UTF8*$!
{
	archiveVersion = 1;
	classes = {
	};
	objectVersion = 77;
	objects = {

/* Begin PBXContainerItemProxy section */
		C59656062DBEC96800FCC16E /* PBXContainerItemProxy */ = {
			isa = PBXContainerItemProxy;
			containerPortal = C59655EE2DBEC96700FCC16E /* Project object */;
			proxyType = 1;
			remoteGlobalIDString = C59655F52DBEC96700FCC16E;
			remoteInfo = "UFLib Tracker";
		};
		C59656102DBEC96800FCC16E /* PBXContainerItemProxy */ = {
			isa = PBXContainerItemProxy;
			containerPortal = C59655EE2DBEC96700FCC16E /* Project object */;
			proxyType = 1;
			remoteGlobalIDString = C59655F52DBEC96700FCC16E;
			remoteInfo = "UFLib Tracker";
		};
/* End PBXContainerItemProxy section */

/* Begin PBXFileReference section */
		C59655F62DBEC96700FCC16E /* UFLib Tracker.app */ = {isa = PBXFileReference; explicitFileType = wrapper.application; includeInIndex = 0; path = "UFLib Tracker.app"; sourceTree = BUILT_PRODUCTS_DIR; };
		C59656052DBEC96800FCC16E /* UFLib TrackerTests.xctest */ = {isa = PBXFileReference; explicitFileType = wrapper.cfbundle; includeInIndex = 0; path = "UFLib TrackerTests.xctest"; sourceTree = BUILT_PRODUCTS_DIR; };
		C596560F2DBEC96800FCC16E /* UFLib TrackerUITests.xctest */ = {isa = PBXFileReference; explicitFileType = wrapper.cfbundle; includeInIndex = 0; path = "UFLib TrackerUITests.xctest"; sourceTree = BUILT_PRODUCTS_DIR; };
/* End PBXFileReference section */

/* Begin PBXFileSystemSynchronizedRootGroup section */
		C59655F82DBEC96700FCC16E /* UFLib Tracker */ = {
			isa = PBXFileSystemSynchronizedRootGroup;
			path = "UFLib Tracker";
			sourceTree = "<group>";
		};
		C59656082DBEC96800FCC16E /* UFLib TrackerTests */ = {
			isa = PBXFileSystemSynchronizedRootGroup;
			path = "UFLib TrackerTests";
			sourceTree = "<group>";
		};
		C59656122DBEC96800FCC16E /* UFLib TrackerUITests */ = {
			isa = PBXFileSystemSynchronizedRootGroup;
			path = "UFLib TrackerUITests";
			sourceTree = "<group>";
		};
/* End PBXFileSystemSynchronizedRootGroup section */

/* Begin PBXFrameworksBuildPhase section */
		C59655F32DBEC96700FCC16E /* Frameworks */ = {
			isa = PBXFrameworksBuildPhase;
			buildActionMask = 2147483647;
			files = (
			);
			runOnlyForDeploymentPostprocessing = 0;
		};
		C59656022DBEC96800FCC16E /* Frameworks */ = {
			isa = PBXFrameworksBuildPhase;
			buildActionMask = 2147483647;
			files = (
			);
			runOnlyForDeploymentPostprocessing = 0;
		};
		C596560C2DBEC96800FCC16E /* Frameworks */ = {
			isa = PBXFrameworksBuildPhase;
			buildActionMask = 2147483647;
			files = (
			);
			runOnlyForDeploymentPostprocessing = 0;
		};
/* End PBXFrameworksBuildPhase section */

/* Begin PBXGroup section */
		C59655ED2DBEC96700FCC16E = {
			isa = PBXGroup;
			children = (
				C59655F82DBEC96700FCC16E /* UFLib Tracker */,
				C59656082DBEC96800FCC16E /* UFLib TrackerTests */,
				C59656122DBEC96800FCC16E /* UFLib TrackerUITests */,
				C59655F72DBEC96700FCC16E /* Products */,
			);
			sourceTree = "<group>";
		};
		C59655F72DBEC96700FCC16E /* Products */ = {
			isa = PBXGroup;
			children = (
				C59655F62DBEC96700FCC16E /* UFLib Tracker.app */,
				C59656052DBEC96800FCC16E /* UFLib TrackerTests.xctest */,
				C596560F2DBEC96800FCC16E /* UFLib TrackerUITests.xctest */,
			);
			name = Products;
			sourceTree = "<group>";
		};
/* End PBXGroup section */

/* Begin PBXNativeTarget section */
		C59655F52DBEC96700FCC16E /* UFLib Tracker */ = {
			isa = PBXNativeTarget;
			buildConfigurationList = C59656192DBEC96800FCC16E /* Build configuration list for PBXNativeTarget "UFLib Tracker" */;
			buildPhases = (
				C59655F22DBEC96700FCC16E /* Sources */,
				C59655F32DBEC96700FCC16E /* Frameworks */,
				C59655F42DBEC96700FCC16E /* Resources */,
			);
			buildRules = (
			);
			dependencies = (
			);
			fileSystemSynchronizedGroups = (
				C59655F82DBEC96700FCC16E /* UFLib Tracker */,
			);
			name = "UFLib Tracker";
			packageProductDependencies = (
			);
			productName = "UFLib Tracker";
			productReference = C59655F62DBEC96700FCC16E /* UFLib Tracker.app */;
			productType = "com.apple.product-type.application";
		};
		C59656042DBEC96800FCC16E /* UFLib TrackerTests */ = {
			isa = PBXNativeTarget;
			buildConfigurationList = C596561C2DBEC96800FCC16E /* Build configuration list for PBXNativeTarget "UFLib TrackerTests" */;
			buildPhases = (
				C59656012DBEC96800FCC16E /* Sources */,
				C59656022DBEC96800FCC16E /* Frameworks */,
				C59656032DBEC96800FCC16E /* Resources */,
			);
			buildRules = (
			);
			dependencies = (
				C59656072DBEC96800FCC16E /* PBXTargetDependency */,
			);
			fileSystemSynchronizedGroups = (
				C59656082DBEC96800FCC16E /* UFLib TrackerTests */,
			);
			name = "UFLib TrackerTests";
			packageProductDependencies = (
			);
			productName = "UFLib TrackerTests";
			productReference = C59656052DBEC96800FCC16E /* UFLib TrackerTests.xctest */;
			productType = "com.apple.product-type.bundle.unit-test";
		};
		C596560E2DBEC96800FCC16E /* UFLib TrackerUITests */ = {
			isa = PBXNativeTarget;
			buildConfigurationList = C596561F2DBEC96800FCC16E /* Build configuration list for PBXNativeTarget "UFLib TrackerUITests" */;
			buildPhases = (
				C596560B2DBEC96800FCC16E /* Sources */,
				C596560C2DBEC96800FCC16E /* Frameworks */,
				C596560D2DBEC96800FCC16E /* Resources */,
			);
			buildRules = (
			);
			dependencies = (
				C59656112DBEC96800FCC16E /* PBXTargetDependency */,
			);
			fileSystemSynchronizedGroups = (
				C59656122DBEC96800FCC16E /* UFLib TrackerUITests */,
			);
			name = "UFLib TrackerUITests";
			packageProductDependencies = (
			);
			productName = "UFLib TrackerUITests";
			productReference = C596560F2DBEC96800FCC16E /* UFLib TrackerUITests.xctest */;
			productType = "com.apple.product-type.bundle.ui-testing";
		};
/* End PBXNativeTarget section */

/* Begin PBXProject section */
		C59655EE2DBEC96700FCC16E /* Project object */ = {
			isa = PBXProject;
			attributes = {
				BuildIndependentTargetsInParallel = 1;
				LastSwiftUpdateCheck = 1630;
				LastUpgradeCheck = 1630;
				TargetAttributes = {
					C59655F52DBEC96700FCC16E = {
						CreatedOnToolsVersion = 16.3;
					};
					C59656042DBEC96800FCC16E = {
						CreatedOnToolsVersion = 16.3;
						TestTargetID = C59655F52DBEC96700FCC16E;
					};
					C596560E2DBEC96800FCC16E = {
						CreatedOnToolsVersion = 16.3;
						TestTargetID = C59655F52DBEC96700FCC16E;
					};
				};
			};
			buildConfigurationList = C59655F12DBEC96700FCC16E /* Build configuration list for PBXProject "UFLib Tracker" */;
			developmentRegion = en;
			hasScannedForEncodings = 0;
			knownRegions = (
				en,
				Base,
			);
			mainGroup = C59655ED2DBEC96700FCC16E;
			minimizedProjectReferenceProxies = 1;
			preferredProjectObjectVersion = 77;
			productRefGroup = C59655F72DBEC96700FCC16E /* Products */;
			projectDirPath = "";
			projectRoot = "";
			targets = (
				C59655F52DBEC96700FCC16E /* UFLib Tracker */,
				C59656042DBEC96800FCC16E /* UFLib TrackerTests */,
				C596560E2DBEC96800FCC16E /* UFLib TrackerUITests */,
			);
		};
/* End PBXProject section */

/* Begin PBXResourcesBuildPhase section */
		C59655F42DBEC96700FCC16E /* Resources */ = {
			isa = PBXResourcesBuildPhase;
			buildActionMask = 2147483647;
			files = (
			);
			runOnlyForDeploymentPostprocessing = 0;
		};
		C59656032DBEC96800FCC16E /* Resources */ = {
			isa = PBXResourcesBuildPhase;
			buildActionMask = 2147483647;
			files = (
			);
			runOnlyForDeploymentPostprocessing = 0;
		};
		C596560D2DBEC96800FCC16E /* Resources */ = {
			isa = PBXResourcesBuildPhase;
			buildActionMask = 2147483647;
			files = (
			);
			runOnlyForDeploymentPostprocessing = 0;
		};
/* End PBXResourcesBuildPhase section */

/* Begin PBXSourcesBuildPhase section */
		C59655F22DBEC96700FCC16E /* Sources */ = {
			isa = PBXSourcesBuildPhase;
			buildActionMask = 2147483647;
			files = (
			);
			runOnlyForDeploymentPostprocessing = 0;
		};
		C59656012DBEC96800FCC16E /* Sources */ = {
			isa = PBXSourcesBuildPhase;
			buildActionMask = 2147483647;
			files = (
			);
			runOnlyForDeploymentPostprocessing = 0;
		};
		C596560B2DBEC96800FCC16E /* Sources */ = {
			isa = PBXSourcesBuildPhase;
			buildActionMask = 2147483647;
			files = (
			);
			runOnlyForDeploymentPostprocessing = 0;
		};
/* End PBXSourcesBuildPhase section */

/* Begin PBXTargetDependency section */
		C59656072DBEC96800FCC16E /* PBXTargetDependency */ = {
			isa = PBXTargetDependency;
			target = C59655F52DBEC96700FCC16E /* UFLib Tracker */;
			targetProxy = C59656062DBEC96800FCC16E /* PBXContainerItemProxy */;
		};
		C59656112DBEC96800FCC16E /* PBXTargetDependency */ = {
			isa = PBXTargetDependency;
			target = C59655F52DBEC96700FCC16E /* UFLib Tracker */;
			targetProxy = C59656102DBEC96800FCC16E /* PBXContainerItemProxy */;
		};
/* End PBXTargetDependency section */

/* Begin XCBuildConfiguration section */
		C59656172DBEC96800FCC16E /* Debug */ = {
			isa = XCBuildConfiguration;
			buildSettings = {
				ALWAYS_SEARCH_USER_PATHS = NO;
				ASSETCATALOG_COMPILER_GENERATE_SWIFT_ASSET_SYMBOL_EXTENSIONS = YES;
				CLANG_ANALYZER_NONNULL = YES;
				CLANG_ANALYZER_NUMBER_OBJECT_CONVERSION = YES_AGGRESSIVE;
				CLANG_CXX_LANGUAGE_STANDARD = "gnu++20";
				CLANG_ENABLE_MODULES = YES;
				CLANG_ENABLE_OBJC_ARC = YES;
				CLANG_ENABLE_OBJC_WEAK = YES;
				CLANG_WARN_BLOCK_CAPTURE_AUTORELEASING = YES;
				CLANG_WARN_BOOL_CONVERSION = YES;
				CLANG_WARN_COMMA = YES;
				CLANG_WARN_CONSTANT_CONVERSION = YES;
				CLANG_WARN_DEPRECATED_OBJC_IMPLEMENTATIONS = YES;
				CLANG_WARN_DIRECT_OBJC_ISA_USAGE = YES_ERROR;
				CLANG_WARN_DOCUMENTATION_COMMENTS = YES;
				CLANG_WARN_EMPTY_BODY = YES;
				CLANG_WARN_ENUM_CONVERSION = YES;
				CLANG_WARN_INFINITE_RECURSION = YES;
				CLANG_WARN_INT_CONVERSION = YES;
				CLANG_WARN_NON_LITERAL_NULL_CONVERSION = YES;
				CLANG_WARN_OBJC_IMPLICIT_RETAIN_SELF = YES;
				CLANG_WARN_OBJC_LITERAL_CONVERSION = YES;
				CLANG_WARN_OBJC_ROOT_CLASS = YES_ERROR;
				CLANG_WARN_QUOTED_INCLUDE_IN_FRAMEWORK_HEADER = YES;
				CLANG_WARN_RANGE_LOOP_ANALYSIS = YES;
				CLANG_WARN_STRICT_PROTOTYPES = YES;
				CLANG_WARN_SUSPICIOUS_MOVE = YES;
				CLANG_WARN_UNGUARDED_AVAILABILITY = YES_AGGRESSIVE;
				CLANG_WARN_UNREACHABLE_CODE = YES;
				CLANG_WARN__DUPLICATE_METHOD_MATCH = YES;
				COPY_PHASE_STRIP = NO;
				DEBUG_INFORMATION_FORMAT = dwarf;
				DEVELOPMENT_TEAM = 75CZL24ALW;
				ENABLE_STRICT_OBJC_MSGSEND = YES;
				ENABLE_TESTABILITY = YES;
				ENABLE_USER_SCRIPT_SANDBOXING = YES;
				GCC_C_LANGUAGE_STANDARD = gnu17;
				GCC_DYNAMIC_NO_PIC = NO;
				GCC_NO_COMMON_BLOCKS = YES;
				GCC_OPTIMIZATION_LEVEL = 0;
				GCC_PREPROCESSOR_DEFINITIONS = (
					"DEBUG=1",
					"$(inherited)",
				);
				GCC_WARN_64_TO_32_BIT_CONVERSION = YES;
				GCC_WARN_ABOUT_RETURN_TYPE = YES_ERROR;
				GCC_WARN_UNDECLARED_SELECTOR = YES;
				GCC_WARN_UNINITIALIZED_AUTOS = YES_AGGRESSIVE;
				GCC_WARN_UNUSED_FUNCTION = YES;
				GCC_WARN_UNUSED_VARIABLE = YES;
				IPHONEOS_DEPLOYMENT_TARGET = 18.4;
				LOCALIZATION_PREFERS_STRING_CATALOGS = YES;
				MTL_ENABLE_DEBUG_INFO = INCLUDE_SOURCE;
				MTL_FAST_MATH = YES;
				ONLY_ACTIVE_ARCH = YES;
				SDKROOT = iphoneos;
				SWIFT_ACTIVE_COMPILATION_CONDITIONS = "DEBUG $(inherited)";
				SWIFT_OPTIMIZATION_LEVEL = "-Onone";
			};
			name = Debug;
		};
		C59656182DBEC96800FCC16E /* Release */ = {
			isa = XCBuildConfiguration;
			buildSettings = {
				ALWAYS_SEARCH_USER_PATHS = NO;
				ASSETCATALOG_COMPILER_GENERATE_SWIFT_ASSET_SYMBOL_EXTENSIONS = YES;
				CLANG_ANALYZER_NONNULL = YES;
				CLANG_ANALYZER_NUMBER_OBJECT_CONVERSION = YES_AGGRESSIVE;
				CLANG_CXX_LANGUAGE_STANDARD = "gnu++20";
				CLANG_ENABLE_MODULES = YES;
				CLANG_ENABLE_OBJC_ARC = YES;
				CLANG_ENABLE_OBJC_WEAK = YES;
				CLANG_WARN_BLOCK_CAPTURE_AUTORELEASING = YES;
				CLANG_WARN_BOOL_CONVERSION = YES;
				CLANG_WARN_COMMA = YES;
				CLANG_WARN_CONSTANT_CONVERSION = YES;
				CLANG_WARN_DEPRECATED_OBJC_IMPLEMENTATIONS = YES;
				CLANG_WARN_DIRECT_OBJC_ISA_USAGE = YES_ERROR;
				CLANG_WARN_DOCUMENTATION_COMMENTS = YES;
				CLANG_WARN_EMPTY_BODY = YES;
				CLANG_WARN_ENUM_CONVERSION = YES;
				CLANG_WARN_INFINITE_RECURSION = YES;
				CLANG_WARN_INT_CONVERSION = YES;
				CLANG_WARN_NON_LITERAL_NULL_CONVERSION = YES;
				CLANG_WARN_OBJC_IMPLICIT_RETAIN_SELF = YES;
				CLANG_WARN_OBJC_LITERAL_CONVERSION = YES;
				CLANG_WARN_OBJC_ROOT_CLASS = YES_ERROR;
				CLANG_WARN_QUOTED_INCLUDE_IN_FRAMEWORK_HEADER = YES;
				CLANG_WARN_RANGE_LOOP_ANALYSIS = YES;
				CLANG_WARN_STRICT_PROTOTYPES = YES;
				CLANG_WARN_SUSPICIOUS_MOVE = YES;
				CLANG_WARN_UNGUARDED_AVAILABILITY = YES_AGGRESSIVE;
				CLANG_WARN_UNREACHABLE_CODE = YES;
				CLANG_WARN__DUPLICATE_METHOD_MATCH = YES;
				COPY_PHASE_STRIP = NO;
				DEBUG_INFORMATION_FORMAT = "dwarf-with-dsym";
				DEVELOPMENT_TEAM = 75CZL24ALW;
				ENABLE_NS_ASSERTIONS = NO;
				ENABLE_STRICT_OBJC_MSGSEND = YES;
				ENABLE_USER_SCRIPT_SANDBOXING = YES;
				GCC_C_LANGUAGE_STANDARD = gnu17;
				GCC_NO_COMMON_BLOCKS = YES;
				GCC_WARN_64_TO_32_BIT_CONVERSION = YES;
				GCC_WARN_ABOUT_RETURN_TYPE = YES_ERROR;
				GCC_WARN_UNDECLARED_SELECTOR = YES;
				GCC_WARN_UNINITIALIZED_AUTOS = YES_AGGRESSIVE;
				GCC_WARN_UNUSED_FUNCTION = YES;
				GCC_WARN_UNUSED_VARIABLE = YES;
				IPHONEOS_DEPLOYMENT_TARGET = 18.4;
				LOCALIZATION_PREFERS_STRING_CATALOGS = YES;
				MTL_ENABLE_DEBUG_INFO = NO;
				MTL_FAST_MATH = YES;
				SDKROOT = iphoneos;
				SWIFT_COMPILATION_MODE = wholemodule;
				VALIDATE_PRODUCT = YES;
			};
			name = Release;
		};
		C596561A2DBEC96800FCC16E /* Debug */ = {
			isa = XCBuildConfiguration;
			buildSettings = {
				ASSETCATALOG_COMPILER_APPICON_NAME = AppIcon;
				ASSETCATALOG_COMPILER_GLOBAL_ACCENT_COLOR_NAME = AccentColor;
				CODE_SIGN_STYLE = Automatic;
				CURRENT_PROJECT_VERSION = 1;
				DEVELOPMENT_TEAM = 75CZL24ALW;
				ENABLE_PREVIEWS = YES;
				GENERATE_INFOPLIST_FILE = YES;
				INFOPLIST_KEY_UIApplicationSceneManifest_Generation = YES;
				INFOPLIST_KEY_UIApplicationSupportsIndirectInputEvents = YES;
				INFOPLIST_KEY_UILaunchScreen_Generation = YES;
				INFOPLIST_KEY_UISupportedInterfaceOrientations_iPad = "UIInterfaceOrientationPortrait UIInterfaceOrientationPortraitUpsideDown UIInterfaceOrientationLandscapeLeft UIInterfaceOrientationLandscapeRight";
				INFOPLIST_KEY_UISupportedInterfaceOrientations_iPhone = "UIInterfaceOrientationPortrait UIInterfaceOrientationLandscapeLeft UIInterfaceOrientationLandscapeRight";
				LD_RUNPATH_SEARCH_PATHS = (
					"$(inherited)",
					"@executable_path/Frameworks",
				);
				MARKETING_VERSION = 1.0;
				PRODUCT_BUNDLE_IDENTIFIER = "Javier.UFLib-Tracker";
				PRODUCT_NAME = "$(TARGET_NAME)";
				SWIFT_EMIT_LOC_STRINGS = YES;
				SWIFT_VERSION = 5.0;
				TARGETED_DEVICE_FAMILY = "1,2";
			};
			name = Debug;
		};
		C596561B2DBEC96800FCC16E /* Release */ = {
			isa = XCBuildConfiguration;
			buildSettings = {
				ASSETCATALOG_COMPILER_APPICON_NAME = AppIcon;
				ASSETCATALOG_COMPILER_GLOBAL_ACCENT_COLOR_NAME = AccentColor;
				CODE_SIGN_STYLE = Automatic;
				CURRENT_PROJECT_VERSION = 1;
				DEVELOPMENT_TEAM = 75CZL24ALW;
				ENABLE_PREVIEWS = YES;
				GENERATE_INFOPLIST_FILE = YES;
				INFOPLIST_KEY_UIApplicationSceneManifest_Generation = YES;
				INFOPLIST_KEY_UIApplicationSupportsIndirectInputEvents = YES;
				INFOPLIST_KEY_UILaunchScreen_Generation = YES;
				INFOPLIST_KEY_UISupportedInterfaceOrientations_iPad = "UIInterfaceOrientationPortrait UIInterfaceOrientationPortraitUpsideDown UIInterfaceOrientationLandscapeLeft UIInterfaceOrientationLandscapeRight";
				INFOPLIST_KEY_UISupportedInterfaceOrientations_iPhone = "UIInterfaceOrientationPortrait UIInterfaceOrientationLandscapeLeft UIInterfaceOrientationLandscapeRight";
				LD_RUNPATH_SEARCH_PATHS = (
					"$(inherited)",
					"@executable_path/Frameworks",
				);
				MARKETING_VERSION = 1.0;
				PRODUCT_BUNDLE_IDENTIFIER = "Javier.UFLib-Tracker";
				PRODUCT_NAME = "$(TARGET_NAME)";
				SWIFT_EMIT_LOC_STRINGS = YES;
				SWIFT_VERSION = 5.0;
				TARGETED_DEVICE_FAMILY = "1,2";
			};
			name = Release;
		};
		C596561D2DBEC96800FCC16E /* Debug */ = {
			isa = XCBuildConfiguration;
			buildSettings = {
				BUNDLE_LOADER = "$(TEST_HOST)";
				CODE_SIGN_STYLE = Automatic;
				CURRENT_PROJECT_VERSION = 1;
				DEVELOPMENT_TEAM = 75CZL24ALW;
				GENERATE_INFOPLIST_FILE = YES;
				IPHONEOS_DEPLOYMENT_TARGET = 18.4;
				MARKETING_VERSION = 1.0;
				PRODUCT_BUNDLE_IDENTIFIER = "Javier.UFLib-TrackerTests";
				PRODUCT_NAME = "$(TARGET_NAME)";
				SWIFT_EMIT_LOC_STRINGS = NO;
				SWIFT_VERSION = 5.0;
				TARGETED_DEVICE_FAMILY = "1,2";
				TEST_HOST = "$(BUILT_PRODUCTS_DIR)/UFLib Tracker.app/$(BUNDLE_EXECUTABLE_FOLDER_PATH)/UFLib Tracker";
			};
			name = Debug;
		};
		C596561E2DBEC96800FCC16E /* Release */ = {
			isa = XCBuildConfiguration;
			buildSettings = {
				BUNDLE_LOADER = "$(TEST_HOST)";
				CODE_SIGN_STYLE = Automatic;
				CURRENT_PROJECT_VERSION = 1;
				DEVELOPMENT_TEAM = 75CZL24ALW;
				GENERATE_INFOPLIST_FILE = YES;
				IPHONEOS_DEPLOYMENT_TARGET = 18.4;
				MARKETING_VERSION = 1.0;
				PRODUCT_BUNDLE_IDENTIFIER = "Javier.UFLib-TrackerTests";
				PRODUCT_NAME = "$(TARGET_NAME)";
				SWIFT_EMIT_LOC_STRINGS = NO;
				SWIFT_VERSION = 5.0;
				TARGETED_DEVICE_FAMILY = "1,2";
				TEST_HOST = "$(BUILT_PRODUCTS_DIR)/UFLib Tracker.app/$(BUNDLE_EXECUTABLE_FOLDER_PATH)/UFLib Tracker";
			};
			name = Release;
		};
		C59656202DBEC96800FCC16E /* Debug */ = {
			isa = XCBuildConfiguration;
			buildSettings = {
				CODE_SIGN_STYLE = Automatic;
				CURRENT_PROJECT_VERSION = 1;
				DEVELOPMENT_TEAM = 75CZL24ALW;
				GENERATE_INFOPLIST_FILE = YES;
				MARKETING_VERSION = 1.0;
				PRODUCT_BUNDLE_IDENTIFIER = "Javier.UFLib-TrackerUITests";
				PRODUCT_NAME = "$(TARGET_NAME)";
				SWIFT_EMIT_LOC_STRINGS = NO;
				SWIFT_VERSION = 5.0;
				TARGETED_DEVICE_FAMILY = "1,2";
				TEST_TARGET_NAME = "UFLib Tracker";
			};
			name = Debug;
		};
		C59656212DBEC96800FCC16E /* Release */ = {
			isa = XCBuildConfiguration;
			buildSettings = {
				CODE_SIGN_STYLE = Automatic;
				CURRENT_PROJECT_VERSION = 1;
				DEVELOPMENT_TEAM = 75CZL24ALW;
				GENERATE_INFOPLIST_FILE = YES;
				MARKETING_VERSION = 1.0;
				PRODUCT_BUNDLE_IDENTIFIER = "Javier.UFLib-TrackerUITests";
				PRODUCT_NAME = "$(TARGET_NAME)";
				SWIFT_EMIT_LOC_STRINGS = NO;
				SWIFT_VERSION = 5.0;
				TARGETED_DEVICE_FAMILY = "1,2";
				TEST_TARGET_NAME = "UFLib Tracker";
			};
			name = Release;
		};
/* End XCBuildConfiguration section */

/* Begin XCConfigurationList section */
		C59655F12DBEC96700FCC16E /* Build configuration list for PBXProject "UFLib Tracker" */ = {
			isa = XCConfigurationList;
			buildConfigurations = (
				C59656172DBEC96800FCC16E /* Debug */,
				C59656182DBEC96800FCC16E /* Release */,
			);
			defaultConfigurationIsVisible = 0;
			defaultConfigurationName = Release;
		};
		C59656192DBEC96800FCC16E /* Build configuration list for PBXNativeTarget "UFLib Tracker" */ = {
			isa = XCConfigurationList;
			buildConfigurations = (
				C596561A2DBEC96800FCC16E /* Debug */,
				C596561B2DBEC96800FCC16E /* Release */,
			);
			defaultConfigurationIsVisible = 0;
			defaultConfigurationName = Release;
		};
		C596561C2DBEC96800FCC16E /* Build configuration list for PBXNativeTarget "UFLib TrackerTests" */ = {
			isa = XCConfigurationList;
			buildConfigurations = (
				C596561D2DBEC96800FCC16E /* Debug */,
				C596561E2DBEC96800FCC16E /* Release */,
			);
			defaultConfigurationIsVisible = 0;
			defaultConfigurationName = Release;
		};
		C596561F2DBEC96800FCC16E /* Build configuration list for PBXNativeTarget "UFLib TrackerUITests" */ = {
			isa = XCConfigurationList;
			buildConfigurations = (
				C59656202DBEC96800FCC16E /* Debug */,
				C59656212DBEC96800FCC16E /* Release */,
			);
			defaultConfigurationIsVisible = 0;
			defaultConfigurationName = Release;
		};
/* End XCConfigurationList section */
	};
	rootObject = C59655EE2DBEC96700FCC16E /* Project object */;
}
